
Microsoft Visual Studio Solution File, Format Version 12.00
# Visual Studio Version 16
VisualStudioVersion = 16.0.29306.81
MinimumVisualStudioVersion = 10.0.40219.1
Project("{9A19103F-16F7-4668-BE54-9A1E7A4F7556}") = "fabiostefani.io.QuickBuy.Dominio", "fabiostefani.io.QuickBuy.Dominio\fabiostefani.io.QuickBuy.Dominio.csproj", "{0A766A47-1715-4CA3-81D4-3056F12ED267}"
EndProject
Project("{FAE04EC0-301F-11D3-BF4B-00C04F79EFBC}") = "fabiostefani.io.QuickBuy.Repositorio", "fabiostefani.io.QuickBuy.Repositorio\fabiostefani.io.QuickBuy.Repositorio.csproj", "{69A64AD0-2C16-46FB-9F93-82FC27B8C867}"
EndProject
Project("{FAE04EC0-301F-11D3-BF4B-00C04F79EFBC}") = "fabiostefani.io.QuickBuy.Web", "fabiostefani.io.QuickBuy.Web\fabiostefani.io.QuickBuy.Web.csproj", "{75782CB1-ACCE-40CA-BBA0-B24F3E61EC9A}"
EndProject
Global
	GlobalSection(SolutionConfigurationPlatforms) = preSolution
		Debug|Any CPU = Debug|Any CPU
		Release|Any CPU = Release|Any CPU
	EndGlobalSection
	GlobalSection(ProjectConfigurationPlatforms) = postSolution
		{0A766A47-1715-4CA3-81D4-3056F12ED267}.Debug|Any CPU.ActiveCfg = Debug|Any CPU
		{0A766A47-1715-4CA3-81D4-3056F12ED267}.Debug|Any CPU.Build.0 = Debug|Any CPU
		{0A766A47-1715-4CA3-81D4-3056F12ED267}.Release|Any CPU.ActiveCfg = Release|Any CPU
		{0A766A47-1715-4CA3-81D4-3056F12ED267}.Release|Any CPU.Build.0 = Release|Any CPU
		{69A64AD0-2C16-46FB-9F93-82FC27B8C867}.Debug|Any CPU.ActiveCfg = Debug|Any CPU
		{69A64AD0-2C16-46FB-9F93-82FC27B8C867}.Debug|Any CPU.Build.0 = Debug|Any CPU
		{69A64AD0-2C16-46FB-9F93-82FC27B8C867}.Release|Any CPU.ActiveCfg = Release|Any CPU
		{69A64AD0-2C16-46FB-9F93-82FC27B8C867}.Release|Any CPU.Build.0 = Release|Any CPU
		{75782CB1-ACCE-40CA-BBA0-B24F3E61EC9A}.Debug|Any CPU.ActiveCfg = Debug|Any CPU
		{75782CB1-ACCE-40CA-BBA0-B24F3E61EC9A}.Debug|Any CPU.Build.0 = Debug|Any CPU
		{75782CB1-ACCE-40CA-BBA0-B24F3E61EC9A}.Release|Any CPU.ActiveCfg = Release|Any CPU
		{75782CB1-ACCE-40CA-BBA0-B24F3E61EC9A}.Release|Any CPU.Build.0 = Release|Any CPU
	EndGlobalSection
	GlobalSection(SolutionProperties) = preSolution
		HideSolutionNode = FALSE
	EndGlobalSection
	GlobalSection(ExtensibilityGlobals) = postSolution
		SolutionGuid = {06E6385C-139F-4960-86AC-DBA4588553C0}
	EndGlobalSection
EndGlobal
